
Microsoft Visual Studio Solution File, Format Version 12.00
# Visual Studio 14
VisualStudioVersion = 14.0.25123.0
MinimumVisualStudioVersion = 10.0.40219.1
Project("{FAE04EC0-301F-11D3-BF4B-00C04F79EFBC}") = "BackOffice", "BackOffice\BackOffice.csproj", "{F71A2575-AC2C-4D55-ACC8-5EF510DE23F4}"
EndProject
Project("{FAE04EC0-301F-11D3-BF4B-00C04F79EFBC}") = "Data", "Data\Data.csproj", "{5B96262F-4208-4DB2-8E09-78E63F6BCB93}"
EndProject
Global
	GlobalSection(SolutionConfigurationPlatforms) = preSolution
		Debug|Any CPU = Debug|Any CPU
		Release|Any CPU = Release|Any CPU
	EndGlobalSection
	GlobalSection(ProjectConfigurationPlatforms) = postSolution
		{F71A2575-AC2C-4D55-ACC8-5EF510DE23F4}.Debug|Any CPU.ActiveCfg = Debug|Any CPU
		{F71A2575-AC2C-4D55-ACC8-5EF510DE23F4}.Debug|Any CPU.Build.0 = Debug|Any CPU
		{F71A2575-AC2C-4D55-ACC8-5EF510DE23F4}.Release|Any CPU.ActiveCfg = Release|Any CPU
		{F71A2575-AC2C-4D55-ACC8-5EF510DE23F4}.Release|Any CPU.Build.0 = Release|Any CPU
		{5B96262F-4208-4DB2-8E09-78E63F6BCB93}.Debug|Any CPU.ActiveCfg = Debug|Any CPU
		{5B96262F-4208-4DB2-8E09-78E63F6BCB93}.Debug|Any CPU.Build.0 = Debug|Any CPU
		{5B96262F-4208-4DB2-8E09-78E63F6BCB93}.Release|Any CPU.ActiveCfg = Release|Any CPU
		{5B96262F-4208-4DB2-8E09-78E63F6BCB93}.Release|Any CPU.Build.0 = Release|Any CPU
	EndGlobalSection
	GlobalSection(SolutionProperties) = preSolution
		HideSolutionNode = FALSE
	EndGlobalSection
EndGlobal
